
Microsoft Visual Studio Solution File, Format Version 12.00
# Visual Studio Version 16
VisualStudioVersion = 16.0.29519.87
MinimumVisualStudioVersion = 10.0.40219.1
Project("{FAE04EC0-301F-11D3-BF4B-00C04F79EFBC}") = "ConsoleApp1", "ConsoleApp1\ConsoleApp1.csproj", "{EAF00F62-B6C6-4BFC-B40F-53C1317CB1F4}"
EndProject
Global
	GlobalSection(SolutionConfigurationPlatforms) = preSolution
		Debug|Any CPU = Debug|Any CPU
		Release|Any CPU = Release|Any CPU
	EndGlobalSection
	GlobalSection(ProjectConfigurationPlatforms) = postSolution
		{EAF00F62-B6C6-4BFC-B40F-53C1317CB1F4}.Debug|Any CPU.ActiveCfg = Debug|Any CPU
		{EAF00F62-B6C6-4BFC-B40F-53C1317CB1F4}.Debug|Any CPU.Build.0 = Debug|Any CPU
		{EAF00F62-B6C6-4BFC-B40F-53C1317CB1F4}.Release|Any CPU.ActiveCfg = Release|Any CPU
		{EAF00F62-B6C6-4BFC-B40F-53C1317CB1F4}.Release|Any CPU.Build.0 = Release|Any CPU
	EndGlobalSection
	GlobalSection(SolutionProperties) = preSolution
		HideSolutionNode = FALSE
	EndGlobalSection
	GlobalSection(ExtensibilityGlobals) = postSolution
		SolutionGuid = {063637B7-5956-4C54-A944-1273EC19CE66}
	EndGlobalSection
EndGlobal
